
Microsoft Visual Studio Solution File, Format Version 12.00
# Visual Studio Version 17
VisualStudioVersion = 17.13.35931.197 d17.13
MinimumVisualStudioVersion = 10.0.40219.1
Project("{8BC9CEB8-8B4A-11D0-8D11-00A0C91BC942}") = "Sandbox", "Sandbox\Sandbox.vcxproj", "{3F1DA7F0-5C91-497B-B21A-26C9771D6EF1}"
EndProject
Project("{8BC9CEB8-8B4A-11D0-8D11-00A0C91BC942}") = "Cherry", "Cherry\Cherry.vcxproj", "{71907C16-FA3D-4118-AF21-C548A98F4A90}"
EndProject
Global
	GlobalSection(SolutionConfigurationPlatforms) = preSolution
		Debug|x64 = Debug|x64
		Release|x64 = Release|x64
	EndGlobalSection
	GlobalSection(ProjectConfigurationPlatforms) = postSolution
		{71907C16-FA3D-4118-AF21-C548A98F4A90}.Debug|x64.ActiveCfg = Debug|x64
		{71907C16-FA3D-4118-AF21-C548A98F4A90}.Debug|x64.Build.0 = Debug|x64
		{71907C16-FA3D-4118-AF21-C548A98F4A90}.Release|x64.ActiveCfg = Release|x64
		{71907C16-FA3D-4118-AF21-C548A98F4A90}.Release|x64.Build.0 = Release|x64
		{3F1DA7F0-5C91-497B-B21A-26C9771D6EF1}.Debug|x64.ActiveCfg = Debug|x64
		{3F1DA7F0-5C91-497B-B21A-26C9771D6EF1}.Debug|x64.Build.0 = Debug|x64
		{3F1DA7F0-5C91-497B-B21A-26C9771D6EF1}.Release|x64.ActiveCfg = Release|x64
		{3F1DA7F0-5C91-497B-B21A-26C9771D6EF1}.Release|x64.Build.0 = Release|x64
	EndGlobalSection
	GlobalSection(SolutionProperties) = preSolution
		HideSolutionNode = FALSE
	EndGlobalSection
	GlobalSection(ExtensibilityGlobals) = postSolution
		SolutionGuid = {7046C4B5-0006-4B0E-89DA-AD6E924D12A3}
	EndGlobalSection
EndGlobal
